
Microsoft Visual Studio Solution File, Format Version 12.00
# Visual Studio Version 17
VisualStudioVersion = 17.12.35527.113
MinimumVisualStudioVersion = 10.0.40219.1
Project("{FAE04EC0-301F-11D3-BF4B-00C04F79EFBC}") = "StoreApp.Model", "StoreApp.Model\StoreApp.Model.csproj", "{1C2E0856-8FCC-4CB1-A752-2A9A354985A2}"
EndProject
Project("{FAE04EC0-301F-11D3-BF4B-00C04F79EFBC}") = "StoreApp.test", "StoreApp.test\StoreApp.test.csproj", "{F4877BA8-1A25-450F-9EFC-4360AF506BC3}"
EndProject
Project("{FAE04EC0-301F-11D3-BF4B-00C04F79EFBC}") = "StoreApp.Server", "StoreApp.Server\StoreApp.Server.csproj", "{6C521A25-6D9A-41AA-A15A-3FE47D5E591B}"
EndProject
Project("{FAE04EC0-301F-11D3-BF4B-00C04F79EFBC}") = "StoreApp.WebApplication", "StoreApp.WebApplication\StoreApp.WebApplication.csproj", "{EB2E5128-D42F-413B-B626-2162FFE2A525}"
EndProject
Global
	GlobalSection(SolutionConfigurationPlatforms) = preSolution
		Debug|Any CPU = Debug|Any CPU
		Release|Any CPU = Release|Any CPU
	EndGlobalSection
	GlobalSection(ProjectConfigurationPlatforms) = postSolution
		{1C2E0856-8FCC-4CB1-A752-2A9A354985A2}.Debug|Any CPU.ActiveCfg = Debug|Any CPU
		{1C2E0856-8FCC-4CB1-A752-2A9A354985A2}.Debug|Any CPU.Build.0 = Debug|Any CPU
		{1C2E0856-8FCC-4CB1-A752-2A9A354985A2}.Release|Any CPU.ActiveCfg = Release|Any CPU
		{1C2E0856-8FCC-4CB1-A752-2A9A354985A2}.Release|Any CPU.Build.0 = Release|Any CPU
		{F4877BA8-1A25-450F-9EFC-4360AF506BC3}.Debug|Any CPU.ActiveCfg = Debug|Any CPU
		{F4877BA8-1A25-450F-9EFC-4360AF506BC3}.Debug|Any CPU.Build.0 = Debug|Any CPU
		{F4877BA8-1A25-450F-9EFC-4360AF506BC3}.Release|Any CPU.ActiveCfg = Release|Any CPU
		{F4877BA8-1A25-450F-9EFC-4360AF506BC3}.Release|Any CPU.Build.0 = Release|Any CPU
		{6C521A25-6D9A-41AA-A15A-3FE47D5E591B}.Debug|Any CPU.ActiveCfg = Debug|Any CPU
		{6C521A25-6D9A-41AA-A15A-3FE47D5E591B}.Debug|Any CPU.Build.0 = Debug|Any CPU
		{6C521A25-6D9A-41AA-A15A-3FE47D5E591B}.Release|Any CPU.ActiveCfg = Release|Any CPU
		{6C521A25-6D9A-41AA-A15A-3FE47D5E591B}.Release|Any CPU.Build.0 = Release|Any CPU
		{EB2E5128-D42F-413B-B626-2162FFE2A525}.Debug|Any CPU.ActiveCfg = Debug|Any CPU
		{EB2E5128-D42F-413B-B626-2162FFE2A525}.Debug|Any CPU.Build.0 = Debug|Any CPU
		{EB2E5128-D42F-413B-B626-2162FFE2A525}.Release|Any CPU.ActiveCfg = Release|Any CPU
		{EB2E5128-D42F-413B-B626-2162FFE2A525}.Release|Any CPU.Build.0 = Release|Any CPU
	EndGlobalSection
	GlobalSection(SolutionProperties) = preSolution
		HideSolutionNode = FALSE
	EndGlobalSection
EndGlobal
